# platform: osx-64
# env_hash: c8da867d5cd4772f88f93f11b2c657ab49bf7ae19e824a171b924ab6910e0361
@EXPLICIT
https://conda.anaconda.org/conda-forge/osx-64/bzip2-1.0.8-hc929b4f_4.tar.bz2#521b82c700a64bac7d8da27539422e91
https://conda.anaconda.org/conda-forge/osx-64/c-ares-1.17.1-h0d85af4_1.tar.bz2#786a1af1bc9194e43bb3a9e1ea0146ed
https://conda.anaconda.org/conda-forge/osx-64/ca-certificates-2020.12.5-h033912b_0.tar.bz2#4483d8ea13bd57b52e3539e741501a7d
https://conda.anaconda.org/conda-forge/osx-64/jpeg-9d-hbcb3906_0.tar.bz2#ff6fba028f282f94ceb10597d58a56e8
https://conda.anaconda.org/conda-forge/osx-64/libcxx-11.1.0-habf9029_0.tar.bz2#a88609e545f948a404419c65cd96fa1a
https://conda.anaconda.org/conda-forge/osx-64/libev-4.33-haf1e3a3_1.tar.bz2#79dc2be110b2a3d1e97ec21f691c50ad
https://conda.anaconda.org/conda-forge/osx-64/libiconv-1.16-haf1e3a3_0.tar.bz2#c5fab167412a52e491c8e11453ae016f
https://conda.anaconda.org/conda-forge/osx-64/libsodium-1.0.18-hbcb3906_1.tar.bz2#24632c09ed931af617fe6d5292919cab
https://conda.anaconda.org/conda-forge/osx-64/libwebp-base-1.2.0-h0d85af4_2.tar.bz2#a5d807d5f16967981d45d6f33621f580
https://conda.anaconda.org/conda-forge/osx-64/llvm-openmp-11.1.0-hda6cdc1_1.tar.bz2#ca57c0d989dda699ee387581f781e239
https://conda.anaconda.org/conda-forge/osx-64/mpi-1.0-mpich.tar.bz2#7316a634ed27146b42d28433ec3bc227
https://conda.anaconda.org/conda-forge/osx-64/ncurses-6.2-h2e338ed_4.tar.bz2#9cef1910395d1543527583e73dba30f1
https://conda.anaconda.org/conda-forge/osx-64/pandoc-2.13-h0d85af4_0.tar.bz2#bee54b1cef69dd845f1057014a3461ee
https://conda.anaconda.org/conda-forge/osx-64/xz-5.2.5-haf1e3a3_1.tar.bz2#41116deb499e9bc58048c297d6403ce6
https://conda.anaconda.org/conda-forge/osx-64/yaml-0.2.5-haf1e3a3_0.tar.bz2#84c2fc186995c25a43e86ed708065572
https://conda.anaconda.org/conda-forge/osx-64/zlib-1.2.11-h7795811_1010.tar.bz2#7d39e47e16ed0107f37c7224d5b5be8b
https://conda.anaconda.org/conda-forge/osx-64/expat-2.3.0-he49afe7_0.tar.bz2#da0de66781469d35a6358b4d1d1fbbf7
https://conda.anaconda.org/conda-forge/osx-64/geos-3.9.1-he49afe7_2.tar.bz2#bd87b3078f6c10345cab62f3f8a6a04e
https://conda.anaconda.org/conda-forge/osx-64/hdf4-4.2.13-h71d84a9_1004.tar.bz2#798adc59c4f9633b4146fd0bde19437b
https://conda.anaconda.org/conda-forge/osx-64/icu-68.1-h74dc148_0.tar.bz2#e4e7f8580abd1275ea2250fe606b66ac
https://conda.anaconda.org/conda-forge/osx-64/libedit-3.1.20191231-h0678c8f_2.tar.bz2#6016a8a1d0e63cac3de2c352cd40208b
https://conda.anaconda.org/conda-forge/osx-64/libffi-3.3-h046ec9c_2.tar.bz2#c7a196accaf92d40985d5c9b4d14f9cb
https://conda.anaconda.org/conda-forge/osx-64/libgfortran5-9.3.0-h6c81a4c_22.tar.bz2#15c2a786898e345e3865008236d50799
https://conda.anaconda.org/conda-forge/osx-64/libllvm10-10.0.1-h009f743_3.tar.bz2#cc65eb0b26253d2789320bfd661852f9
https://conda.anaconda.org/conda-forge/osx-64/libpng-1.6.37-h7cec526_2.tar.bz2#9e52521faba2b53269672628d34e1513
https://conda.anaconda.org/conda-forge/osx-64/lz4-c-1.9.3-h046ec9c_0.tar.bz2#7f13d69c1b7989b85029efb6f3e35af9
https://conda.anaconda.org/conda-forge/osx-64/openssl-1.1.1k-h0d85af4_0.tar.bz2#f9582eb16f4e3bc7932995e122f30a74
https://conda.anaconda.org/conda-forge/osx-64/readline-8.1-h05e3726_0.tar.bz2#2832e9b6a7caa7cb192fcda6cfcd8871
https://conda.anaconda.org/conda-forge/osx-64/tk-8.6.10-h0419947_1.tar.bz2#9a79a432473acddd936ff8bab8b86145
https://conda.anaconda.org/conda-forge/osx-64/zeromq-4.3.4-h1c7c35f_0.tar.bz2#2af55e3523e9210b2b2dff5855fb5382
https://conda.anaconda.org/conda-forge/osx-64/freetype-2.10.4-h4cff582_1.tar.bz2#5a136a432c6062362cd7990c514bd8d6
https://conda.anaconda.org/conda-forge/osx-64/krb5-1.17.2-h60d9502_0.tar.bz2#abf2add2a1ade1920b25a8f3327a1aa0
https://conda.anaconda.org/conda-forge/osx-64/libgfortran-5.0.0-9_3_0_h6c81a4c_22.tar.bz2#2a96d438e9b3b5ece940211a4259d3e3
https://conda.anaconda.org/conda-forge/osx-64/libnghttp2-1.43.0-h07e645a_0.tar.bz2#b4a9c405d47f3b120ed6cf86cc8a13aa
https://conda.anaconda.org/conda-forge/osx-64/libssh2-1.9.0-h52ee1ee_6.tar.bz2#42cebefd1fd127d1180e3df004a413b7
https://conda.anaconda.org/conda-forge/osx-64/libxml2-2.9.10-h93ec3fd_4.tar.bz2#65d5f634e962c4883184aa65902241fd
https://conda.anaconda.org/conda-forge/osx-64/sqlite-3.35.4-h44b9ce1_0.tar.bz2#8a07c36ce8a003a8213591882314dac6
https://conda.anaconda.org/conda-forge/osx-64/udunits2-2.2.27.27-h664449b_1.tar.bz2#10a1c0239c272976e1cfc85be1d02f71
https://conda.anaconda.org/conda-forge/osx-64/zstd-1.4.9-h582d3a0_0.tar.bz2#551e04087371339ee63524f2988faa62
https://conda.anaconda.org/conda-forge/osx-64/libcurl-7.76.1-h8ef9fac_0.tar.bz2#20dac4b9eb583cb2dd055e8b7873fe5f
https://conda.anaconda.org/conda-forge/osx-64/libopenblas-0.3.12-openmp_h54245bb_1.tar.bz2#ecaffce11312c27c18ad35e65095fecc
https://conda.anaconda.org/conda-forge/osx-64/libtiff-4.2.0-h355d032_0.tar.bz2#ad3cbf0f77b9f89df082eef584d9009a
https://conda.anaconda.org/conda-forge/osx-64/libxslt-1.1.33-h5739fc3_2.tar.bz2#14333dae9eef1116162a1bb6119d3537
https://conda.anaconda.org/conda-forge/osx-64/mpich-3.4.1-hd33e60e_104.tar.bz2#66c5ac653650be446075645e3c07ddd6
https://conda.anaconda.org/conda-forge/osx-64/python-3.7.10-h7728216_100_cpython.tar.bz2#ba448dbd4b06c0776981a37a09786f1a
https://conda.anaconda.org/conda-forge/noarch/appdirs-1.4.4-pyh9f0ad1d_0.tar.bz2#5f095bc6454094e96f146491fd03633b
https://conda.anaconda.org/conda-forge/noarch/asciitree-0.3.3-py_2.tar.bz2#c0481c9de49f040272556e2cedf42816
https://conda.anaconda.org/conda-forge/noarch/async-timeout-3.0.1-py_1000.tar.bz2#8b11024b2762a07aaa07d2743231a41b
https://conda.anaconda.org/conda-forge/noarch/async_generator-1.10-py_0.tar.bz2#d56c596e61b1c4952acf0a9920856c12
https://conda.anaconda.org/conda-forge/noarch/attrs-20.3.0-pyhd3deb0d_0.tar.bz2#5b319abb055eefcfa344bc21378ca23f
https://conda.anaconda.org/conda-forge/noarch/backcall-0.2.0-pyh9f0ad1d_0.tar.bz2#6006a6d08a3fa99268a2681c7fb55213
https://conda.anaconda.org/conda-forge/noarch/backports-1.0-py_2.tar.bz2#0da16b293affa6ac31812376f8eb79dd
https://conda.anaconda.org/conda-forge/noarch/cached_property-1.5.2-pyha770c72_1.tar.bz2#576d629e47797577ab0f1b351297ef4a
https://conda.anaconda.org/conda-forge/noarch/click-7.1.2-pyh9f0ad1d_0.tar.bz2#bd50a970ce07e660c319fdc4d730d3f1
https://conda.anaconda.org/conda-forge/noarch/cloudpickle-1.6.0-py_0.tar.bz2#76d764d8881719e305f6fa368dc2b65e
https://conda.anaconda.org/conda-forge/osx-64/curl-7.76.1-h06286d4_0.tar.bz2#d6670a3f6168e22d0f8048a5ef5b5ef2
https://conda.anaconda.org/conda-forge/noarch/dask-core-2.14.0-py_0.tar.bz2#eca9427d2c7760ced16c0b701dd31681
https://conda.anaconda.org/conda-forge/noarch/dataclasses-0.8-pyhc8e2a94_1.tar.bz2#28e0de0ecba81334619a777fdc00febc
https://conda.anaconda.org/conda-forge/noarch/decorator-5.0.7-pyhd8ed1ab_0.tar.bz2#328caef9e939b22c3d00392286e0cd85
https://conda.anaconda.org/conda-forge/noarch/defusedxml-0.7.1-pyhd8ed1ab_0.tar.bz2#961b3a227b437d82ad7054484cfa71b2
https://conda.anaconda.org/conda-forge/noarch/entrypoints-0.3-pyhd8ed1ab_1003.tar.bz2#bbf9a201f6ce99a506f4955374d9a9f4
https://conda.anaconda.org/conda-forge/noarch/fastprogress-1.0.0-py_0.tar.bz2#0765c7a36e7ed365cab77858c9fba1b7
https://conda.anaconda.org/conda-forge/noarch/filelock-3.0.12-pyh9f0ad1d_0.tar.bz2#7544ed05bbbe9bb687bc9bcbe4d6cb46
https://conda.anaconda.org/conda-forge/noarch/fsspec-0.9.0-pyhd8ed1ab_1.tar.bz2#c212f61ba7f895622f8dc95d192574f8
https://conda.anaconda.org/conda-forge/osx-64/hdf5-1.10.6-mpi_mpich_h8c5dddf_1013.tar.bz2#e6eeb92b3b6f650b7a238e6ef20cad8f
https://conda.anaconda.org/conda-forge/noarch/heapdict-1.0.1-py_0.tar.bz2#77242bfb1e74a627fb06319b5a2d3b95
https://conda.anaconda.org/conda-forge/noarch/idna-2.10-pyh9f0ad1d_0.tar.bz2#f95a12b4f435aae6680fe55ae2eb1b06
https://conda.anaconda.org/conda-forge/noarch/iniconfig-1.1.1-pyh9f0ad1d_0.tar.bz2#39161f81cc5e5ca45b8226fbb06c6905
https://conda.anaconda.org/conda-forge/noarch/ipython_genutils-0.2.0-py_1.tar.bz2#5071c982548b3a20caf70462f04f5287
https://conda.anaconda.org/conda-forge/noarch/json5-0.9.5-pyh9f0ad1d_0.tar.bz2#10759827a94e6b14996e81fb002c0bda
https://conda.anaconda.org/conda-forge/osx-64/lcms2-2.12-h577c468_0.tar.bz2#abce77b852b73670e85e104746b0ea1b
https://conda.anaconda.org/conda-forge/osx-64/libblas-3.9.0-8_openblas.tar.bz2#054ee8e709d3d9c2678a3c8bda034896
https://conda.anaconda.org/conda-forge/noarch/locket-0.2.0-py_2.tar.bz2#709e8671651c7ec3d1ad07800339ff1d
https://conda.anaconda.org/conda-forge/noarch/monotonic-1.5-py_0.tar.bz2#0cc5fd0140497c3f1e2db2e7493b62b3
https://conda.anaconda.org/conda-forge/noarch/more-itertools-8.7.0-pyhd8ed1ab_0.tar.bz2#3be1ba5a28d394d78f3d692fb9e5c1c2
https://conda.anaconda.org/conda-forge/noarch/nest-asyncio-1.5.1-pyhd8ed1ab_0.tar.bz2#47a51a5b8f9cc41004c8d7bd88b62447
https://conda.anaconda.org/conda-forge/noarch/olefile-0.46-pyh9f0ad1d_1.tar.bz2#0b2e68acc8c78c8cc392b90983481f58
https://conda.anaconda.org/conda-forge/osx-64/openjpeg-2.4.0-h6cbf5cd_0.tar.bz2#38e701cb94a7e667a19c287f2398f04b
https://conda.anaconda.org/conda-forge/noarch/pandocfilters-1.4.2-py_1.tar.bz2#ba6f4a308f1ea22abe1d72e72544af76
https://conda.anaconda.org/conda-forge/noarch/param-1.10.1-pyhd3deb0d_0.tar.bz2#e990456731e2381b8801b26242234e26
https://conda.anaconda.org/conda-forge/noarch/parso-0.8.2-pyhd8ed1ab_0.tar.bz2#fb40b157bd62b457a1cc82527b63f0b0
https://conda.anaconda.org/conda-forge/noarch/pathspec-0.8.1-pyhd3deb0d_0.tar.bz2#fcd2fbb062b55d14a77e664c89ee17a6
https://conda.anaconda.org/conda-forge/noarch/pickleshare-0.7.5-py_1003.tar.bz2#415f0ebb6198cc2801c73438a9fb5761
https://conda.anaconda.org/conda-forge/osx-64/proj-7.2.0-h78d1473_2.tar.bz2#3d1cbf2f7d932f2d0fef10267bf787f8
https://conda.anaconda.org/conda-forge/noarch/prometheus_client-0.10.1-pyhd8ed1ab_0.tar.bz2#088ca4c07d7b346a2a099b3685a0e992
https://conda.anaconda.org/conda-forge/noarch/ptyprocess-0.7.0-pyhd3deb0d_0.tar.bz2#359eeb6536da0e687af562ed265ec263
https://conda.anaconda.org/conda-forge/noarch/py-1.10.0-pyhd3deb0d_0.tar.bz2#88ca1328ecc79a070214aa24911bace8
https://conda.anaconda.org/conda-forge/noarch/pycparser-2.20-pyh9f0ad1d_2.tar.bz2#aa798d50ffd182a0f6f31478c7f434f6
https://conda.anaconda.org/conda-forge/noarch/pyparsing-2.4.7-pyh9f0ad1d_0.tar.bz2#626c4f20d5bf06dcec9cf2eaa31725c7
https://conda.anaconda.org/conda-forge/noarch/pyshp-2.1.3-pyh44b312d_0.tar.bz2#2d1867b980785eb44b8122184d8b42a6
https://conda.anaconda.org/conda-forge/osx-64/python_abi-3.7-1_cp37m.tar.bz2#d2cb192f8948ea603927a71f015574dd
https://conda.anaconda.org/conda-forge/noarch/pytz-2021.1-pyhd8ed1ab_0.tar.bz2#3af2e9424d5eb0063824a3f9b850d411
https://conda.anaconda.org/conda-forge/noarch/send2trash-1.5.0-py_0.tar.bz2#c3779037a635e1150f1c53c28b875949
https://conda.anaconda.org/conda-forge/noarch/simpervisor-0.4-pyhd8ed1ab_0.tar.bz2#12b5f0d11cc26bf386bd9a2f99099648
https://conda.anaconda.org/conda-forge/noarch/six-1.15.0-pyh9f0ad1d_0.tar.bz2#1eec421f0f1f39e579e44e4a5ce646a2
https://conda.anaconda.org/conda-forge/noarch/sortedcontainers-2.3.0-pyhd8ed1ab_0.tar.bz2#2f5b87cd0bdf1822b62e40909f471db4
https://conda.anaconda.org/conda-forge/noarch/tblib-1.7.0-pyhd8ed1ab_0.tar.bz2#3d4afc31302aa7be471feb6be048ed76
https://conda.anaconda.org/conda-forge/noarch/testpath-0.4.4-py_0.tar.bz2#3b98fff4d5342bebde2ecaa314f796f9
https://conda.anaconda.org/conda-forge/noarch/toml-0.10.2-pyhd8ed1ab_0.tar.bz2#f832c45a477c78bebd107098db465095
https://conda.anaconda.org/conda-forge/noarch/toolz-0.11.1-py_0.tar.bz2#d1e66b58cb00b3817ad9f05eec098c00
https://conda.anaconda.org/conda-forge/noarch/tqdm-4.60.0-pyhd8ed1ab_0.tar.bz2#d4d22fcd50ccf1925fe59efd36ba4358
https://conda.anaconda.org/conda-forge/noarch/typing_extensions-3.7.4.3-py_0.tar.bz2#12b96e382730541a4b332420227055ae
https://conda.anaconda.org/conda-forge/noarch/webencodings-0.5.1-py_1.tar.bz2#3563be4c5611a44210d9ba0c16113136
https://conda.anaconda.org/conda-forge/noarch/wheel-0.36.2-pyhd3deb0d_0.tar.bz2#768bfbe026426d0e76b377997d1f2b98
https://conda.anaconda.org/conda-forge/noarch/zipp-3.4.1-pyhd8ed1ab_0.tar.bz2#a4fa30eb74a326092b3d8078b1f1aae1
https://conda.anaconda.org/conda-forge/osx-64/appnope-0.1.2-py37hf985489_1.tar.bz2#1bee6125d3ade317803d5358ea3f0e83
https://conda.anaconda.org/conda-forge/noarch/babel-2.9.0-pyhd3deb0d_0.tar.bz2#1cb532c9a6fd4e56a9f0906b87c17b76
https://conda.anaconda.org/conda-forge/noarch/cached-property-1.5.2-hd8ed1ab_1.tar.bz2#9b347a7ec10940d3f7941ff6c460b551
https://conda.anaconda.org/conda-forge/osx-64/certifi-2020.12.5-py37hf985489_1.tar.bz2#176e0bb42110e5090e859847d11cf5e6
https://conda.anaconda.org/conda-forge/osx-64/cffi-1.14.5-py37h4d371b4_0.tar.bz2#fe873b3f987f3e9203bb4165197a1281
https://conda.anaconda.org/conda-forge/osx-64/chardet-4.0.0-py37hf985489_1.tar.bz2#212f48113f4aa416eb58404fbece967b
https://conda.anaconda.org/conda-forge/noarch/click-default-group-1.2.1-py_0.tar.bz2#64a66d3d4db54208496c4e2fa822eeee
https://conda.anaconda.org/conda-forge/noarch/cycler-0.10.0-py_2.tar.bz2#f6d7c7e6d8f42cbbec7e07a8d879f91c
https://conda.anaconda.org/conda-forge/osx-64/cytoolz-0.11.0-py37hf967b71_3.tar.bz2#476be4e1c4643e52eb01bba3f95fe4f8
https://conda.anaconda.org/conda-forge/noarch/docrep-0.2.7-py_0.tar.bz2#7a8411a58c16dffe32424251e62e3149
https://conda.anaconda.org/conda-forge/noarch/fasteners-0.14.1-py_3.tar.bz2#8af0bf3cfe806fb001d9923b4fe1594b
https://conda.anaconda.org/conda-forge/osx-64/future-0.18.2-py37hf985489_3.tar.bz2#5137794442657f0dbafb035a31627fc6
https://conda.anaconda.org/conda-forge/osx-64/importlib-metadata-3.10.1-py37hf985489_0.tar.bz2#9706ba86903f0ae0860614773c56fba5
https://conda.anaconda.org/conda-forge/osx-64/jedi-0.18.0-py37hf985489_2.tar.bz2#8cf41e3992c9d1ae8549dfaf03d4bc14
https://conda.anaconda.org/conda-forge/osx-64/kiwisolver-1.3.1-py37h70f7d40_1.tar.bz2#2b3639e4db0eab6a502a11ff8ca9a1e8
https://conda.anaconda.org/conda-forge/osx-64/libcblas-3.9.0-8_openblas.tar.bz2#67acafbc05ce608462a59740ef546b52
https://conda.anaconda.org/conda-forge/osx-64/liblapack-3.9.0-8_openblas.tar.bz2#f20c01455d69b8a613bb92cd4544b553
https://conda.anaconda.org/conda-forge/osx-64/libnetcdf-4.7.4-mpi_mpich_h2865646_7.tar.bz2#bd9d0dc2880ed3e2a01215ddecfd202b
https://conda.anaconda.org/conda-forge/osx-64/llvmlite-0.36.0-py37h62ea057_0.tar.bz2#29b97546521cad2c06c0a4b44f4f3917
https://conda.anaconda.org/conda-forge/osx-64/lxml-4.6.3-py37h250624f_0.tar.bz2#02183c97499e7414f3feee2384d99fb3
https://conda.anaconda.org/conda-forge/osx-64/markupsafe-1.1.1-py37hf967b71_3.tar.bz2#012d1704c4914ea54b2166c6c8123d2e
https://conda.anaconda.org/conda-forge/osx-64/mistune-0.8.4-py37hf967b71_1003.tar.bz2#0774ff87ae140bb568ac2b0a35ea31ec
https://conda.anaconda.org/conda-forge/osx-64/mpi4py-3.0.3-py37he3c3b00_5.tar.bz2#c840f06c6c9b1932b547dad3a1f87b07
https://conda.anaconda.org/conda-forge/osx-64/msgpack-python-1.0.2-py37h70f7d40_1.tar.bz2#fd3404efec845fc1aba62efbac9302c3
https://conda.anaconda.org/conda-forge/osx-64/multidict-5.1.0-py37hf967b71_1.tar.bz2#18cec0fc7731cf70345dce4309a7f4a2
https://conda.anaconda.org/conda-forge/osx-64/mypy_extensions-0.4.3-py37hf985489_3.tar.bz2#818d88fe5b710f7ac3a74fa9b1342413
https://conda.anaconda.org/conda-forge/noarch/packaging-20.9-pyh44b312d_0.tar.bz2#be69a38e912054a62dc82cc3c7711a64
https://conda.anaconda.org/conda-forge/noarch/partd-1.2.0-pyhd8ed1ab_0.tar.bz2#0c32f563d7f22e3a34c95cad8cc95651
https://conda.anaconda.org/conda-forge/noarch/pexpect-4.8.0-pyh9f0ad1d_2.tar.bz2#5909e7b978141dd80d28dbf9de627827
https://conda.anaconda.org/conda-forge/osx-64/pillow-8.1.2-py37hd4e48bc_1.tar.bz2#8668b0f453bdef24f086253ec93fe15b
https://conda.anaconda.org/conda-forge/osx-64/psutil-5.8.0-py37hf967b71_1.tar.bz2#a5cb28290dc234deaa40fb2805411148
https://conda.anaconda.org/conda-forge/noarch/pyct-core-0.4.6-py_0.tar.bz2#55ec526f95e0959de3f68bc6289a20da
https://conda.anaconda.org/conda-forge/osx-64/pyrsistent-0.17.3-py37hf967b71_2.tar.bz2#a73a5df626e453d48b4454b8e0d535b2
https://conda.anaconda.org/conda-forge/osx-64/pysocks-1.7.1-py37hf985489_3.tar.bz2#02bf224638f91b6b695fec5de6bbd860
https://conda.anaconda.org/conda-forge/noarch/python-dateutil-2.8.1-py_0.tar.bz2#0d0150ed9c2d25817f5324108d3f7571
https://conda.anaconda.org/conda-forge/noarch/pyviz_comms-2.0.1-pyhd3deb0d_0.tar.bz2#12e4d3289ffcbdf465864af6eb2c6f4b
https://conda.anaconda.org/conda-forge/osx-64/pyyaml-5.4.1-py37hf967b71_0.tar.bz2#3c96ec4a68120ccee37cda33192381a0
https://conda.anaconda.org/conda-forge/osx-64/pyzmq-22.0.3-py37h8f778e5_1.tar.bz2#cc9996c40d8fa5d4242ae539e1464a16
https://conda.anaconda.org/conda-forge/osx-64/regex-2021.4.4-py37h271585c_0.tar.bz2#eb39111e563ba492b0a67eda6cfa88c6
https://conda.anaconda.org/conda-forge/osx-64/sniffio-1.2.0-py37hf985489_1.tar.bz2#d2624002903acd9b87e73b436b18c7fe
https://conda.anaconda.org/conda-forge/osx-64/tomlkit-0.7.0-py37hf985489_3.tar.bz2#3138e33b39f9a33d7bc0b235d9c236e1
https://conda.anaconda.org/conda-forge/osx-64/tornado-6.1-py37hf967b71_1.tar.bz2#b2ae53e0e2bfded281be471b4391cfdf
https://conda.anaconda.org/conda-forge/noarch/traitlets-5.0.5-py_0.tar.bz2#99618ee9ab1323e40f231acdab92fe60
https://conda.anaconda.org/conda-forge/osx-64/typed-ast-1.4.3-py37h271585c_0.tar.bz2#cbe9d0ad3c624c57ae84f674c932af46
https://conda.anaconda.org/conda-forge/noarch/typing-extensions-3.7.4.3-0.tar.bz2#36bdcdb4c2bf1efb987f2e9e80f4c9a6
https://conda.anaconda.org/conda-forge/noarch/zict-2.0.0-py_0.tar.bz2#4750152be22f24d695b3004c5e1712d3
https://conda.anaconda.org/conda-forge/osx-64/anyio-2.2.0-py37hf985489_0.tar.bz2#0d40048074c79de881199c7756a8d27a
https://conda.anaconda.org/conda-forge/osx-64/argon2-cffi-20.1.0-py37hf967b71_2.tar.bz2#4548b36af838ff2f9a0cc021348890f3
https://conda.anaconda.org/conda-forge/noarch/black-20.8b1-py_1.tar.bz2#e555d6b71ec916c3dc4e6e3793cc9796
https://conda.anaconda.org/conda-forge/osx-64/brotlipy-0.7.0-py37hf967b71_1001.tar.bz2#2e1016af5a81ba9e50d8bd25bf82b352
https://conda.anaconda.org/conda-forge/osx-64/cryptography-3.4.7-py37hce4a858_0.tar.bz2#3d8dba99e6bba580b947da6daf8b1d94
https://conda.anaconda.org/conda-forge/noarch/deprecation-2.1.0-pyh9f0ad1d_0.tar.bz2#7b6747d7cc2076341029cff659669e8b
https://conda.anaconda.org/conda-forge/noarch/importlib_metadata-3.10.1-hd8ed1ab_0.tar.bz2#daa6bb6edd7537397fc4363782e623aa
https://conda.anaconda.org/conda-forge/osx-64/jupyter_core-4.7.1-py37hf985489_0.tar.bz2#a49ae78b4a221744cca02dfed08a990f
https://conda.anaconda.org/conda-forge/noarch/markdown-3.3.4-pyhd8ed1ab_0.tar.bz2#b8054f74fbed2b282f032219f114421a
https://conda.anaconda.org/conda-forge/osx-64/netcdf-fortran-4.5.3-mpi_mpich_hc610113_3.tar.bz2#21085769c27fbb1dd152191b1c3801e4
https://conda.anaconda.org/conda-forge/osx-64/numpy-1.20.2-py37h84c02c4_0.tar.bz2#62cb5b34b17a6e5fd6f1d93e7a095f0f
https://conda.anaconda.org/conda-forge/osx-64/pyproj-3.0.1-py37hb0b2c16_0.tar.bz2#a3fd90efb269536313c144d22ea90cde
https://conda.anaconda.org/conda-forge/osx-64/setuptools-49.6.0-py37hf985489_3.tar.bz2#5030dea82548d67ec8b80882e8e4a099
https://conda.anaconda.org/conda-forge/osx-64/terminado-0.9.4-py37hf985489_0.tar.bz2#7acb1b662808bfb7a86916f3a8a5c898
https://conda.anaconda.org/conda-forge/osx-64/yarl-1.6.3-py37hf967b71_1.tar.bz2#bb2b9077a2f93b909ae952cc204e10c0
https://conda.anaconda.org/conda-forge/osx-64/aiohttp-3.7.4-py37h271585c_0.tar.bz2#b096618b3de76f115b64aa4c7a489e86
https://conda.anaconda.org/conda-forge/noarch/backports.functools_lru_cache-1.6.4-pyhd8ed1ab_0.tar.bz2#c5b3edc62d6309088f4970b3eaaa65a6
https://conda.anaconda.org/conda-forge/noarch/bleach-3.3.0-pyh44b312d_0.tar.bz2#abf6b76c39358ca36ca706c46f054f2a
https://conda.anaconda.org/conda-forge/osx-64/bottleneck-1.3.2-py37h37391d0_3.tar.bz2#79fb4d9fa6cbb13a372cba14eeea3015
https://conda.anaconda.org/conda-forge/osx-64/cftime-1.4.1-py37h183f225_0.tar.bz2#d9897f2fbbd0efc48f792b2e13669e02
https://conda.anaconda.org/conda-forge/noarch/colorspacious-1.1.2-pyh24bf2e0_0.tar.bz2#b73afa0d009a51cabd3ec99c4d2ef4f3
https://conda.anaconda.org/conda-forge/osx-64/distributed-2.14.0-py37hc8dfbb8_0.tar.bz2#72f35f0e76b8c92e0926f0ec712a4b61
https://conda.anaconda.org/conda-forge/noarch/eofs-1.4.0-py_0.tar.bz2#6e166cd37cfeadefcfca1ffe00f222bb
https://conda.anaconda.org/conda-forge/osx-64/esmf-8.1.0-mpi_mpich_he0c1309_100.tar.bz2#48c011a9c000ca7ff0e24fd132b7f8a1
https://conda.anaconda.org/conda-forge/osx-64/h5py-3.1.0-nompi_py37hcd7841c_100.tar.bz2#df675fbb070df1c9585821fa77dfb692
https://conda.anaconda.org/conda-forge/osx-64/importlib_resources-5.1.2-py37hf985489_0.tar.bz2#6165dc5c5c641cd3f369cb52bfa810f2
https://conda.anaconda.org/conda-forge/noarch/jinja2-2.11.3-pyh44b312d_0.tar.bz2#1d4c3605d85a3655b1595e0694138eb6
https://conda.anaconda.org/conda-forge/noarch/jsonschema-3.2.0-pyhd8ed1ab_3.tar.bz2#66125e28711d8ffc04a207a2b170316d
https://conda.anaconda.org/conda-forge/noarch/jupyter-packaging-0.9.1-pyhd8ed1ab_0.tar.bz2#a323e1fbb8b7ec51a02601cbd7dd9db5
https://conda.anaconda.org/conda-forge/noarch/jupyter_client-6.1.12-pyhd8ed1ab_0.tar.bz2#f58b38ddb9f94fa3cafea4ba2b17f93b
https://conda.anaconda.org/conda-forge/osx-64/matplotlib-base-3.4.1-py37hb018525_0.tar.bz2#c6d3dc14f8c47df8db282c063da6b2c2
https://conda.anaconda.org/conda-forge/osx-64/numba-0.53.1-py37h2c728cf_0.tar.bz2#ca41b54eb5a068216b1122fa19619e90
https://conda.anaconda.org/conda-forge/osx-64/numcodecs-0.7.3-py37h54c7649_0.tar.bz2#08f020d76d8734e3cc7aa030005730ad
https://conda.anaconda.org/conda-forge/osx-64/pandas-1.2.4-py37hb23ed4d_0.tar.bz2#a88a01be315919f1a27be6379213fbd4
https://conda.anaconda.org/conda-forge/noarch/pip-21.0.1-pyhd8ed1ab_0.tar.bz2#849477e10d78cbc283c78fd53bfbb567
https://conda.anaconda.org/conda-forge/osx-64/pluggy-0.13.1-py37hf985489_4.tar.bz2#c06bd6917e033778e6c2f1a66dd7e159
https://conda.anaconda.org/conda-forge/noarch/pygments-2.8.1-pyhd8ed1ab_0.tar.bz2#196e0cff141677f430fc06eb0d0ad94d
https://conda.anaconda.org/conda-forge/noarch/pyopenssl-20.0.1-pyhd8ed1ab_0.tar.bz2#92371c25994d0f5d28a01c1fb75ebf86
https://conda.anaconda.org/conda-forge/osx-64/scipy-1.6.2-py37h866764c_0.tar.bz2#2317f2c6580b4fd26d20c3e15eec8525
https://conda.anaconda.org/conda-forge/noarch/seawater-3.3.4-py_1.tar.bz2#a9e101e1601faf5e5a119ab2bd7617a4
https://conda.anaconda.org/conda-forge/osx-64/shapely-1.7.1-py37h2c4361b_4.tar.bz2#379bf71cce33dd05fffb0affd8162ce3
https://conda.anaconda.org/conda-forge/osx-64/bokeh-1.4.0-py37hc8dfbb8_1.tar.bz2#76549b065c1e260c89b16eb2faa69d14
https://conda.anaconda.org/conda-forge/osx-64/cartopy-0.18.0-py37h0dfa92a_13.tar.bz2#24e85396d62cc27aa14f7750ce7e93e5
https://conda.anaconda.org/conda-forge/osx-64/cf_units-2.0.1-py37h917ab60_1002.tar.bz2#fe60e812a964fe55657fb9b5eeb42520
https://conda.anaconda.org/conda-forge/noarch/cmocean-2.0-py_3.tar.bz2#10f08c3aa77dc4080ebc1c03cb542f70
https://conda.anaconda.org/conda-forge/noarch/dask-jobqueue-0.7.2-pyhd8ed1ab_0.tar.bz2#3ebff289d0ed1e16c90999b3a0e801d3
https://conda.anaconda.org/conda-forge/osx-64/dask-mpi-2.21.0-py37h0697620_1.tar.bz2#8f2dcc59711bf402d158a97443cb2e3b
https://conda.anaconda.org/conda-forge/osx-64/esmpy-8.1.0-mpi_mpich_py37hee822e1_100.tar.bz2#e82575fd83925fe76a9c6afd25489320
https://conda.anaconda.org/conda-forge/noarch/h5netcdf-0.10.0-pyhd8ed1ab_0.tar.bz2#b5c92155f9e1c3c7c18b95453f90145a
https://conda.anaconda.org/conda-forge/noarch/jupyterlab_pygments-0.1.2-pyh9f0ad1d_0.tar.bz2#2cbd910890bb328e8959246a1e16fac7
https://conda.anaconda.org/conda-forge/osx-64/matplotlib-3.4.1-py37hf985489_0.tar.bz2#6e770b44c7d963ab613142b3863c3e30
https://conda.anaconda.org/conda-forge/noarch/nbformat-5.1.3-pyhd8ed1ab_0.tar.bz2#bafa5df6d4f8db69a4d197b4657127e7
https://conda.anaconda.org/conda-forge/noarch/nc-time-axis-1.2.0-py_1.tar.bz2#f3158a5d335f0f44f09cf05d3fb4107e
https://conda.anaconda.org/conda-forge/osx-64/netcdf4-1.5.6-nompi_py37hd2a0c98_101.tar.bz2#61060eee0877d492241b750dfb3eedf5
https://conda.anaconda.org/conda-forge/noarch/patsy-0.5.1-py_0.tar.bz2#d971df2dcd1a453daabecec0ef76e88a
https://conda.anaconda.org/conda-forge/noarch/pint-0.17-pyhd8ed1ab_0.tar.bz2#7a334c0cd901ae380ab30285ad2a4b8a
https://conda.anaconda.org/conda-forge/osx-64/pytest-6.2.3-py37hf985489_0.tar.bz2#3e732231ff63e5404e6c7f02d113e03c
https://conda.anaconda.org/conda-forge/noarch/seaborn-base-0.11.1-pyhd8ed1ab_1.tar.bz2#f524b2bb48274790373a27128b25d7ca
https://conda.anaconda.org/conda-forge/noarch/urllib3-1.26.4-pyhd8ed1ab_0.tar.bz2#d7b20b328e23d993994ea02077c009c0
https://conda.anaconda.org/conda-forge/noarch/wcwidth-0.2.5-pyh9f0ad1d_2.tar.bz2#5266fcd697043c59621fda522b3d78ee
https://conda.anaconda.org/conda-forge/noarch/xarray-0.17.0-pyhd8ed1ab_0.tar.bz2#972b41b5afded8acbfed8ea18d016765
https://conda.anaconda.org/conda-forge/noarch/zarr-2.7.0-pyhd8ed1ab_0.tar.bz2#5c8a67c8148046d5a76bff6353de2d5a
https://conda.anaconda.org/conda-forge/noarch/cf_xarray-0.5.1-pyh44b312d_0.tar.bz2#fe258d69bcdcaba1aa1c8fb5ae2965ba
https://conda.anaconda.org/conda-forge/noarch/dask-2.14.0-py_0.tar.bz2#6ee126d80e62ab0793642a15ce609b77
https://conda.anaconda.org/conda-forge/noarch/nbclient-0.5.3-pyhd8ed1ab_0.tar.bz2#67f12831640fde52fe9be1bbc6b699e7
https://conda.anaconda.org/conda-forge/noarch/ncar-jobqueue-2021.4.14-pyh44b312d_0.tar.bz2#69bd9e90ddaaf3447a5f13c9f084b2b6
https://conda.anaconda.org/conda-forge/noarch/prompt-toolkit-3.0.18-pyha770c72_0.tar.bz2#aa44d0f71016061e83df1126764acdb7
https://conda.anaconda.org/conda-forge/noarch/requests-2.25.1-pyhd3deb0d_0.tar.bz2#ae687aba31a1c400192a86a2e993ffdc
https://conda.anaconda.org/conda-forge/osx-64/statsmodels-0.12.2-py37h183f225_0.tar.bz2#d99f2098e65540e2a37968fcb36cd0e1
https://conda.anaconda.org/conda-forge/noarch/ensureconda-1.4.1-pyhd8ed1ab_0.tar.bz2#52a7f7cc9076e2c8a25e15e19ad42821
https://conda.anaconda.org/conda-forge/noarch/intake-0.6.2-pyhd8ed1ab_0.tar.bz2#159c093fadd067d8e1d6e559fae44288
https://conda.anaconda.org/conda-forge/osx-64/ipython-7.22.0-py37h85f7c60_0.tar.bz2#720e1f3eadc75029db7e165c1bf1a828
https://conda.anaconda.org/conda-forge/osx-64/nbconvert-6.0.7-py37hf985489_3.tar.bz2#cbf915c9d112392238f5ecc98555e132
https://conda.anaconda.org/conda-forge/noarch/pooch-1.3.0-pyhd8ed1ab_0.tar.bz2#7041d42601fe3de878565ca84c952237
https://conda.anaconda.org/conda-forge/noarch/pyct-0.4.6-py_0.tar.bz2#42d91c89bc3993ec88681cffd3c0e326
https://conda.anaconda.org/conda-forge/noarch/seaborn-0.11.1-hd8ed1ab_1.tar.bz2#0fa8696d6ef25ac366f04a27c238da31
https://conda.anaconda.org/conda-forge/noarch/xesmf-0.5.3-pyhd8ed1ab_0.tar.bz2#a83576c3de22695f4bcd53d54755c7e2
https://conda.anaconda.org/conda-forge/noarch/xgcm-0.5.1-py_0.tar.bz2#935f4608a93c5bf80d9c33810ef40aa0
https://conda.anaconda.org/conda-forge/noarch/xhistogram-0.1.3-pyhd8ed1ab_0.tar.bz2#ce51f8582f862de6f39d801ef2b74784
https://conda.anaconda.org/conda-forge/noarch/xrft-0.3.0-pyhd8ed1ab_0.tar.bz2#09bded3ee1a4a183c967f7142e5becb2
https://conda.anaconda.org/conda-forge/noarch/colorcet-2.0.6-pyhd8ed1ab_0.tar.bz2#bdf0d14cb996a18a3df88ddac83e11f9
https://conda.anaconda.org/conda-forge/noarch/conda-lock-0.9.1-pyhd8ed1ab_0.tar.bz2#c918c8071db1665663a46371b0a46620
https://conda.anaconda.org/conda-forge/noarch/intake-esm-2021.1.15-pyhd8ed1ab_0.tar.bz2#f9905ccbc28a73fc2fc17b6fed9b0bd6
https://conda.anaconda.org/conda-forge/osx-64/ipykernel-5.5.3-py37h85f7c60_0.tar.bz2#aea43fb8ddf0e6fe6483b15df93eda2f
https://conda.anaconda.org/conda-forge/osx-64/jupyter_server-1.6.1-py37hf985489_0.tar.bz2#673c7623b03fc952dc5a0852f1c81970
https://conda.anaconda.org/conda-forge/noarch/metpy-1.0-pyhd8ed1ab_0.tar.bz2#b7da8602ec108ea1e056598f8d861909
https://conda.anaconda.org/conda-forge/noarch/panel-0.8.1-pyh9f0ad1d_1.tar.bz2#19b4bb4a15cfb1934ba06f3de5d3df48
https://conda.anaconda.org/conda-forge/noarch/pop-tools-2020.12.15-pyhd8ed1ab_0.tar.bz2#92c2b149afe5f51a1606a2ad8cfae519
https://conda.anaconda.org/conda-forge/noarch/watermark-2.2.0-pyhd8ed1ab_0.tar.bz2#c93926fd4f95bd26153f28cdf8b8f78b
https://conda.anaconda.org/conda-forge/noarch/jupyter-server-proxy-3.0.2-pyhd8ed1ab_0.tar.bz2#1950c6645c9213a30545eee4d54cb495
https://conda.anaconda.org/conda-forge/noarch/jupyterlab_server-2.4.0-pyhd8ed1ab_0.tar.bz2#ad7648e33c04637ba640945340302741
https://conda.anaconda.org/conda-forge/noarch/notebook-6.3.0-pyha770c72_1.tar.bz2#6a53111a5a62d32abfa21aac8fc55a1b
https://conda.anaconda.org/conda-forge/noarch/holoviews-1.14.3-pyhd8ed1ab_0.tar.bz2#e262a3bc1443cfee28f1d49236cc2acd
https://conda.anaconda.org/conda-forge/noarch/jupyter_contrib_core-0.3.3-py_2.tar.bz2#4704781b0a914d67e4ae8e9f9f5c37a0
https://conda.anaconda.org/conda-forge/noarch/nbclassic-0.2.7-pyhd8ed1ab_0.tar.bz2#cf4723f3178fb1cae4f7bf8e31db0e38
https://conda.anaconda.org/conda-forge/osx-64/jupyter_highlight_selected_word-0.2.0-py37hf985489_1002.tar.bz2#f123329f47b2b75498e8a8d2724b83b2
https://conda.anaconda.org/conda-forge/noarch/jupyter_latex_envs-1.4.6-pyhd8ed1ab_1002.tar.bz2#4b888fd7d6b4cdb6736878b2cf8ea951
https://conda.anaconda.org/conda-forge/osx-64/jupyter_nbextensions_configurator-0.4.1-py37hf985489_2.tar.bz2#925ebe34b2e8b4255a915c8092cc0254
https://conda.anaconda.org/conda-forge/noarch/jupyterlab-3.0.14-pyhd8ed1ab_0.tar.bz2#a40aa8ef6258bf7c2ef42ecd97701b74
https://conda.anaconda.org/conda-forge/noarch/jupyter_contrib_nbextensions-0.5.1-pyhd8ed1ab_2.tar.bz2#ee3820cb73867efb8c928b93e55f4de3
