# Generated by conda-lock.
# platform: osx-64
# env_hash: b052246033473ee24e1ab7e97db0f7c03bff150457eae228cc10e6fd447bbdd1
@EXPLICIT
https://conda.anaconda.org/conda-forge/osx-64/bzip2-1.0.8-h0d85af4_4.tar.bz2#37edc4e6304ca87316e160f5ca0bd1b5
https://conda.anaconda.org/conda-forge/osx-64/c-ares-1.17.2-h0d85af4_0.tar.bz2#133e6624e8c549a83f5350847d3e0a43
https://conda.anaconda.org/conda-forge/osx-64/ca-certificates-2021.5.30-h033912b_0.tar.bz2#2377a0c58b5ffe92d70b7bdcd833e8ff
https://conda.anaconda.org/conda-forge/osx-64/jbig-2.1-h0d85af4_2003.tar.bz2#4d76d11d3a256931926099498aa3565b
https://conda.anaconda.org/conda-forge/osx-64/jpeg-9d-hbcb3906_0.tar.bz2#ff6fba028f282f94ceb10597d58a56e8
https://conda.anaconda.org/conda-forge/osx-64/libcxx-12.0.1-habf9029_0.tar.bz2#49c188a7f9c7c9ddabafc80cc5625bb7
https://conda.anaconda.org/conda-forge/osx-64/libdeflate-1.7-h35c211d_5.tar.bz2#6608b6a46fd4555b5c83cda6171cc694
https://conda.anaconda.org/conda-forge/osx-64/libev-4.33-haf1e3a3_1.tar.bz2#79dc2be110b2a3d1e97ec21f691c50ad
https://conda.anaconda.org/conda-forge/osx-64/libiconv-1.16-haf1e3a3_0.tar.bz2#c5fab167412a52e491c8e11453ae016f
https://conda.anaconda.org/conda-forge/osx-64/libsodium-1.0.18-hbcb3906_1.tar.bz2#24632c09ed931af617fe6d5292919cab
https://conda.anaconda.org/conda-forge/osx-64/libwebp-base-1.2.1-h0d85af4_0.tar.bz2#8c6f05a6655b7911c62910343ba806d1
https://conda.anaconda.org/conda-forge/osx-64/llvm-openmp-12.0.1-hda6cdc1_1.tar.bz2#35b1fd6ed9f0f1c68583dc9c9f672513
https://conda.anaconda.org/conda-forge/osx-64/mpi-1.0-mpich.tar.bz2#7316a634ed27146b42d28433ec3bc227
https://conda.anaconda.org/conda-forge/osx-64/ncurses-6.2-h2e338ed_4.tar.bz2#9cef1910395d1543527583e73dba30f1
https://conda.anaconda.org/conda-forge/osx-64/xz-5.2.5-haf1e3a3_1.tar.bz2#41116deb499e9bc58048c297d6403ce6
https://conda.anaconda.org/conda-forge/osx-64/yaml-0.2.5-haf1e3a3_0.tar.bz2#84c2fc186995c25a43e86ed708065572
https://conda.anaconda.org/conda-forge/osx-64/zlib-1.2.11-h7795811_1010.tar.bz2#7d39e47e16ed0107f37c7224d5b5be8b
https://conda.anaconda.org/conda-forge/osx-64/expat-2.4.1-he49afe7_0.tar.bz2#61d8ae52fc518342e6e0891f2d2c4104
https://conda.anaconda.org/conda-forge/osx-64/geos-3.9.1-he49afe7_2.tar.bz2#bd87b3078f6c10345cab62f3f8a6a04e
https://conda.anaconda.org/conda-forge/osx-64/hdf4-4.2.15-hefd3b78_3.tar.bz2#07bbe01a1cabdb9ec0d35524e09f4db4
https://conda.anaconda.org/conda-forge/osx-64/icu-68.1-h74dc148_0.tar.bz2#e4e7f8580abd1275ea2250fe606b66ac
https://conda.anaconda.org/conda-forge/osx-64/lerc-2.2.1-h046ec9c_0.tar.bz2#2b4abd282f644dc51225fa9b90218567
https://conda.anaconda.org/conda-forge/osx-64/libedit-3.1.20191231-h0678c8f_2.tar.bz2#6016a8a1d0e63cac3de2c352cd40208b
https://conda.anaconda.org/conda-forge/osx-64/libffi-3.4.2-he49afe7_1.tar.bz2#d5066c1dd2f6ceeeee8c399289e799d8
https://conda.anaconda.org/conda-forge/osx-64/libgfortran5-9.3.0-h6c81a4c_23.tar.bz2#a6956ceb628b14594613cefee5127a7a
https://conda.anaconda.org/conda-forge/osx-64/libllvm10-10.0.1-h009f743_3.tar.bz2#cc65eb0b26253d2789320bfd661852f9
https://conda.anaconda.org/conda-forge/osx-64/libpng-1.6.37-h7cec526_2.tar.bz2#9e52521faba2b53269672628d34e1513
https://conda.anaconda.org/conda-forge/osx-64/lz4-c-1.9.3-he49afe7_1.tar.bz2#05c08241b66631c00ca4f9e0b75320bc
https://conda.anaconda.org/conda-forge/osx-64/openssl-1.1.1l-h0d85af4_0.tar.bz2#f7bcdbb7a5dae97030eee20b884b1f8a
https://conda.anaconda.org/conda-forge/osx-64/readline-8.1-h05e3726_0.tar.bz2#2832e9b6a7caa7cb192fcda6cfcd8871
https://conda.anaconda.org/conda-forge/osx-64/tk-8.6.11-h5dbffcc_1.tar.bz2#e35b11155bd70facee39dfdec7368ad0
https://conda.anaconda.org/conda-forge/osx-64/zeromq-4.3.4-he49afe7_1.tar.bz2#1972d732b123ed04b60fd21e94f0b178
https://conda.anaconda.org/conda-forge/osx-64/freetype-2.10.4-h4cff582_1.tar.bz2#5a136a432c6062362cd7990c514bd8d6
https://conda.anaconda.org/conda-forge/osx-64/krb5-1.19.2-hcfbf3a7_0.tar.bz2#a690006b8fea5c7d9eccf30aa07bb5d9
https://conda.anaconda.org/conda-forge/osx-64/libgfortran-5.0.0-9_3_0_h6c81a4c_23.tar.bz2#60f48cef2d50674e0428c5579b6c3f66
https://conda.anaconda.org/conda-forge/osx-64/libnghttp2-1.43.0-h07e645a_0.tar.bz2#b4a9c405d47f3b120ed6cf86cc8a13aa
https://conda.anaconda.org/conda-forge/osx-64/libssh2-1.10.0-h52ee1ee_0.tar.bz2#82858fa149bef5fa4c0d302e553422a8
https://conda.anaconda.org/conda-forge/osx-64/libxml2-2.9.12-h93ec3fd_0.tar.bz2#3bb7e5cd72ee6520ce6e26600a1283db
https://conda.anaconda.org/conda-forge/osx-64/libzip-1.8.0-h8b0c345_0.tar.bz2#44af334af2ef220c4ab83b69878b9c8e
https://conda.anaconda.org/conda-forge/osx-64/sqlite-3.36.0-h23a322b_1.tar.bz2#abfc493974140cc18f049edc10c1d896
https://conda.anaconda.org/conda-forge/osx-64/udunits2-2.2.27.27-h06ef574_2.tar.bz2#8907715e9c3cf7a413df7e6b918761df
https://conda.anaconda.org/conda-forge/osx-64/zstd-1.5.0-h582d3a0_0.tar.bz2#96a04eeb0146059f0c2d63491f77d6d0
https://conda.anaconda.org/conda-forge/osx-64/libcurl-7.79.0-hf45b732_0.tar.bz2#5c3bed901f300d4941267e02fa647e54
https://conda.anaconda.org/conda-forge/osx-64/libopenblas-0.3.17-openmp_h3351f45_1.tar.bz2#7bcb478878af05fa60697e809d7827aa
https://conda.anaconda.org/conda-forge/osx-64/libtiff-4.3.0-h1167814_1.tar.bz2#f189eeda45133c4f5cd73a8e7ebb7019
https://conda.anaconda.org/conda-forge/osx-64/libxslt-1.1.33-h5739fc3_2.tar.bz2#14333dae9eef1116162a1bb6119d3537
https://conda.anaconda.org/conda-forge/osx-64/mpich-3.4.2-hd33e60e_100.tar.bz2#8f44f52de895854bbc0567e84b6ffe70
https://conda.anaconda.org/conda-forge/osx-64/python-3.7.10-haf480d7_101_cpython.tar.bz2#7fe8c52df547f85ad4ab6f892778bca6
https://conda.anaconda.org/conda-forge/noarch/alabaster-0.7.12-py_0.tar.bz2#2489a97287f90176ecdc3ca982b4b0a0
https://conda.anaconda.org/conda-forge/noarch/appdirs-1.4.4-pyh9f0ad1d_0.tar.bz2#5f095bc6454094e96f146491fd03633b
https://conda.anaconda.org/conda-forge/noarch/asciitree-0.3.3-py_2.tar.bz2#c0481c9de49f040272556e2cedf42816
https://conda.anaconda.org/conda-forge/noarch/async-timeout-3.0.1-py_1000.tar.bz2#8b11024b2762a07aaa07d2743231a41b
https://conda.anaconda.org/conda-forge/noarch/async_generator-1.10-py_0.tar.bz2#d56c596e61b1c4952acf0a9920856c12
https://conda.anaconda.org/conda-forge/noarch/attrs-20.3.0-pyhd3deb0d_0.tar.bz2#5b319abb055eefcfa344bc21378ca23f
https://conda.anaconda.org/conda-forge/noarch/backcall-0.2.0-pyh9f0ad1d_0.tar.bz2#6006a6d08a3fa99268a2681c7fb55213
https://conda.anaconda.org/conda-forge/noarch/backports-1.0-py_2.tar.bz2#0da16b293affa6ac31812376f8eb79dd
https://conda.anaconda.org/conda-forge/noarch/cached_property-1.5.2-pyha770c72_1.tar.bz2#576d629e47797577ab0f1b351297ef4a
https://conda.anaconda.org/conda-forge/noarch/charset-normalizer-2.0.0-pyhd8ed1ab_0.tar.bz2#4a57e24d5b759893615c05926b7b5fb9
https://conda.anaconda.org/conda-forge/noarch/click-7.1.2-pyh9f0ad1d_0.tar.bz2#bd50a970ce07e660c319fdc4d730d3f1
https://conda.anaconda.org/conda-forge/noarch/cloudpickle-2.0.0-pyhd8ed1ab_0.tar.bz2#3a8fc8b627d5fb6af827e126a10a86c6
https://conda.anaconda.org/conda-forge/noarch/colorama-0.4.4-pyh9f0ad1d_0.tar.bz2#c08b4c1326b880ed44f3ffb04803332f
https://conda.anaconda.org/conda-forge/osx-64/curl-7.79.0-hb861fe1_0.tar.bz2#ac0486660fa9adf80df283bbdcfaaf94
https://conda.anaconda.org/conda-forge/noarch/dataclasses-0.8-pyhc8e2a94_3.tar.bz2#a362b2124b06aad102e2ee4581acee7d
https://conda.anaconda.org/conda-forge/noarch/decorator-5.1.0-pyhd8ed1ab_0.tar.bz2#71b13ba2e0efcff45646f05d619534b0
https://conda.anaconda.org/conda-forge/noarch/defusedxml-0.7.1-pyhd8ed1ab_0.tar.bz2#961b3a227b437d82ad7054484cfa71b2
https://conda.anaconda.org/conda-forge/noarch/entrypoints-0.3-pyhd8ed1ab_1003.tar.bz2#bbf9a201f6ce99a506f4955374d9a9f4
https://conda.anaconda.org/conda-forge/noarch/fastprogress-1.0.0-py_0.tar.bz2#0765c7a36e7ed365cab77858c9fba1b7
https://conda.anaconda.org/conda-forge/noarch/filelock-3.0.12-pyh9f0ad1d_0.tar.bz2#7544ed05bbbe9bb687bc9bcbe4d6cb46
https://conda.anaconda.org/conda-forge/noarch/fsspec-2021.8.1-pyhd8ed1ab_0.tar.bz2#c91815f86a9c2ed7525e9dc78fb189e4
https://conda.anaconda.org/conda-forge/osx-64/hdf5-1.12.1-mpi_mpich_hf636e3b_0.tar.bz2#af61efc5fe21728e63e736d1de429a65
https://conda.anaconda.org/conda-forge/noarch/heapdict-1.0.1-py_0.tar.bz2#77242bfb1e74a627fb06319b5a2d3b95
https://conda.anaconda.org/conda-forge/noarch/idna-3.1-pyhd3deb0d_0.tar.bz2#9c9aea4b8391264477df484f798562d0
https://conda.anaconda.org/conda-forge/noarch/imagesize-1.2.0-py_0.tar.bz2#5879bd2c4b399a5072468e5fe587bf1b
https://conda.anaconda.org/conda-forge/noarch/iniconfig-1.1.1-pyh9f0ad1d_0.tar.bz2#39161f81cc5e5ca45b8226fbb06c6905
https://conda.anaconda.org/conda-forge/noarch/ipython_genutils-0.2.0-py_1.tar.bz2#5071c982548b3a20caf70462f04f5287
https://conda.anaconda.org/conda-forge/noarch/json5-0.9.5-pyh9f0ad1d_0.tar.bz2#10759827a94e6b14996e81fb002c0bda
https://conda.anaconda.org/conda-forge/noarch/jupyterlab_widgets-1.0.2-pyhd8ed1ab_0.tar.bz2#eaff56fe28d1236076aa3bb13c35b434
https://conda.anaconda.org/conda-forge/osx-64/lcms2-2.12-h577c468_0.tar.bz2#abce77b852b73670e85e104746b0ea1b
https://conda.anaconda.org/conda-forge/osx-64/libblas-3.9.0-11_osx64_openblas.tar.bz2#2f9b6da86f6018deedf855ccb04893a5
https://conda.anaconda.org/conda-forge/noarch/locket-0.2.0-py_2.tar.bz2#709e8671651c7ec3d1ad07800339ff1d
https://conda.anaconda.org/conda-forge/noarch/monotonic-1.5-py_0.tar.bz2#0cc5fd0140497c3f1e2db2e7493b62b3
https://conda.anaconda.org/conda-forge/noarch/more-itertools-8.10.0-pyhd8ed1ab_0.tar.bz2#24a4379cfc9ba76a7ad238e5c32a6c68
https://conda.anaconda.org/conda-forge/noarch/nest-asyncio-1.5.1-pyhd8ed1ab_0.tar.bz2#47a51a5b8f9cc41004c8d7bd88b62447
https://conda.anaconda.org/conda-forge/noarch/olefile-0.46-pyh9f0ad1d_1.tar.bz2#0b2e68acc8c78c8cc392b90983481f58
https://conda.anaconda.org/conda-forge/osx-64/openjpeg-2.4.0-h6e7aa92_1.tar.bz2#c8cbb6d99f6467246ac26a139256e50f
https://conda.anaconda.org/conda-forge/noarch/pandocfilters-1.5.0-pyhd8ed1ab_0.tar.bz2#457c2c8c08e54905d6954e79cb5b5db9
https://conda.anaconda.org/conda-forge/noarch/param-1.11.1-pyh6c4a22f_0.tar.bz2#8951791d0a89da499604cc002c280648
https://conda.anaconda.org/conda-forge/noarch/parso-0.8.2-pyhd8ed1ab_0.tar.bz2#fb40b157bd62b457a1cc82527b63f0b0
https://conda.anaconda.org/conda-forge/noarch/pathspec-0.9.0-pyhd8ed1ab_0.tar.bz2#f93dc0ccbc0a8472624165f6e256c7d1
https://conda.anaconda.org/conda-forge/noarch/pickleshare-0.7.5-py_1003.tar.bz2#415f0ebb6198cc2801c73438a9fb5761
https://conda.anaconda.org/conda-forge/noarch/platformdirs-2.3.0-pyhd8ed1ab_0.tar.bz2#7bc119135be2a43e1701432399d8c28a
https://conda.anaconda.org/conda-forge/osx-64/proj-8.0.1-h1512c50_0.tar.bz2#ce1106ad33e98acc51dd64f3d6f8a3f1
https://conda.anaconda.org/conda-forge/noarch/prometheus_client-0.11.0-pyhd8ed1ab_0.tar.bz2#01f530bf82d9f589c2087b8c347d5e29
https://conda.anaconda.org/conda-forge/noarch/ptyprocess-0.7.0-pyhd3deb0d_0.tar.bz2#359eeb6536da0e687af562ed265ec263
https://conda.anaconda.org/conda-forge/noarch/py-1.10.0-pyhd3deb0d_0.tar.bz2#88ca1328ecc79a070214aa24911bace8
https://conda.anaconda.org/conda-forge/noarch/pycparser-2.20-pyh9f0ad1d_2.tar.bz2#aa798d50ffd182a0f6f31478c7f434f6
https://conda.anaconda.org/conda-forge/noarch/pyparsing-2.4.7-pyh9f0ad1d_0.tar.bz2#626c4f20d5bf06dcec9cf2eaa31725c7
https://conda.anaconda.org/conda-forge/noarch/pyshp-2.1.3-pyh44b312d_0.tar.bz2#2d1867b980785eb44b8122184d8b42a6
https://conda.anaconda.org/conda-forge/osx-64/python_abi-3.7-2_cp37m.tar.bz2#4b564389f52917cfe8fbc537284d42e6
https://conda.anaconda.org/conda-forge/noarch/pytz-2021.1-pyhd8ed1ab_0.tar.bz2#3af2e9424d5eb0063824a3f9b850d411
https://conda.anaconda.org/conda-forge/noarch/send2trash-1.8.0-pyhd8ed1ab_0.tar.bz2#edab14119efe85c3bf131ad747e9005c
https://conda.anaconda.org/conda-forge/noarch/shellingham-1.4.0-pyh44b312d_0.tar.bz2#437655338696f9d0dfdb0a024e66b255
https://conda.anaconda.org/conda-forge/noarch/simpervisor-0.4-pyhd8ed1ab_0.tar.bz2#12b5f0d11cc26bf386bd9a2f99099648
https://conda.anaconda.org/conda-forge/noarch/six-1.16.0-pyh6c4a22f_0.tar.bz2#e5f25f8dbc060e9a8d912e432202afc2
https://conda.anaconda.org/conda-forge/noarch/smmap-3.0.5-pyh44b312d_0.tar.bz2#3a8dc70789709aa315325d5df06fb7e4
https://conda.anaconda.org/conda-forge/noarch/snowballstemmer-2.1.0-pyhd8ed1ab_0.tar.bz2#f1d64c0cf0eedf655a96ccdc1573c05a
https://conda.anaconda.org/conda-forge/noarch/sortedcontainers-2.4.0-pyhd8ed1ab_0.tar.bz2#6d6552722448103793743dabfbda532d
https://conda.anaconda.org/conda-forge/noarch/soupsieve-2.0.1-py_1.tar.bz2#aa1db70848c19bace567ba39a157f508
https://conda.anaconda.org/conda-forge/noarch/sphinxcontrib-applehelp-1.0.2-py_0.tar.bz2#20b2eaeaeea4ef9a9a0d99770620fd09
https://conda.anaconda.org/conda-forge/noarch/sphinxcontrib-devhelp-1.0.2-py_0.tar.bz2#68e01cac9d38d0e717cd5c87bc3d2cc9
https://conda.anaconda.org/conda-forge/noarch/sphinxcontrib-htmlhelp-2.0.0-pyhd8ed1ab_0.tar.bz2#77dad82eb9c8c1525ff7953e0756d708
https://conda.anaconda.org/conda-forge/noarch/sphinxcontrib-jsmath-1.0.1-py_0.tar.bz2#67cd9d9c0382d37479b4d306c369a2d4
https://conda.anaconda.org/conda-forge/noarch/sphinxcontrib-qthelp-1.0.3-py_0.tar.bz2#d01180388e6d1838c3e1ad029590aa7a
https://conda.anaconda.org/conda-forge/noarch/sphinxcontrib-serializinghtml-1.1.5-pyhd8ed1ab_0.tar.bz2#60e630285f44af05767dcb7f473ee03f
https://conda.anaconda.org/conda-forge/noarch/tblib-1.7.0-pyhd8ed1ab_0.tar.bz2#3d4afc31302aa7be471feb6be048ed76
https://conda.anaconda.org/conda-forge/noarch/testpath-0.5.0-pyhd8ed1ab_0.tar.bz2#53b57d6a468bebc7cef1253b177a5e9e
https://conda.anaconda.org/conda-forge/noarch/toml-0.10.2-pyhd8ed1ab_0.tar.bz2#f832c45a477c78bebd107098db465095
https://conda.anaconda.org/conda-forge/noarch/tomli-1.2.1-pyhd8ed1ab_0.tar.bz2#ea475017070fa78c7e988be634e1322c
https://conda.anaconda.org/conda-forge/noarch/toolz-0.11.1-py_0.tar.bz2#d1e66b58cb00b3817ad9f05eec098c00
https://conda.anaconda.org/conda-forge/noarch/traitlets-5.1.0-pyhd8ed1ab_0.tar.bz2#f6ba1dcaac382d318901f44c0eb3dcb8
https://conda.anaconda.org/conda-forge/noarch/typing_extensions-3.10.0.0-pyha770c72_0.tar.bz2#67c0cba6533b641f28946d7c16f361c8
https://conda.anaconda.org/conda-forge/noarch/uc-micro-py-1.0.1-pyhd8ed1ab_0.tar.bz2#3ddf6684d9b274a12c94e509ca45656c
https://conda.anaconda.org/conda-forge/noarch/webencodings-0.5.1-py_1.tar.bz2#3563be4c5611a44210d9ba0c16113136
https://conda.anaconda.org/conda-forge/noarch/wheel-0.37.0-pyhd8ed1ab_1.tar.bz2#3aa2c3e25dd361b453d010388b9cdff1
https://conda.anaconda.org/conda-forge/noarch/zipp-3.5.0-pyhd8ed1ab_0.tar.bz2#f9dd05a5ed6b81c91f097e3739107a74
https://conda.anaconda.org/conda-forge/osx-64/appnope-0.1.2-py37hf985489_1.tar.bz2#1bee6125d3ade317803d5358ea3f0e83
https://conda.anaconda.org/conda-forge/noarch/babel-2.9.1-pyh44b312d_0.tar.bz2#74136ed39bfea0832d338df1e58d013e
https://conda.anaconda.org/conda-forge/noarch/beautifulsoup4-4.10.0-pyha770c72_0.tar.bz2#c29e0b4a2ff546cedbe6dc2921948a1d
https://conda.anaconda.org/conda-forge/noarch/cached-property-1.5.2-hd8ed1ab_1.tar.bz2#9b347a7ec10940d3f7941ff6c460b551
https://conda.anaconda.org/conda-forge/osx-64/certifi-2021.5.30-py37hf985489_0.tar.bz2#0be45059d18a95220573963524676b1a
https://conda.anaconda.org/conda-forge/osx-64/cffi-1.14.6-py37h446072c_1.tar.bz2#1e296122b54b1084c123176e272a1819
https://conda.anaconda.org/conda-forge/osx-64/chardet-4.0.0-py37hf985489_1.tar.bz2#212f48113f4aa416eb58404fbece967b
https://conda.anaconda.org/conda-forge/noarch/click-default-group-1.2.2-pyhd8ed1ab_1.tar.bz2#72a46ffc25701c173932fd55cf0965d3
https://conda.anaconda.org/conda-forge/noarch/click-log-0.3.2-pyh9f0ad1d_0.tar.bz2#3a64d156136fad977df1b81a24b57ac0
https://conda.anaconda.org/conda-forge/noarch/cycler-0.10.0-py_2.tar.bz2#f6d7c7e6d8f42cbbec7e07a8d879f91c
https://conda.anaconda.org/conda-forge/osx-64/cytoolz-0.11.0-py37h271585c_3.tar.bz2#4c5542b4ece2bbe20eefae2b431c4105
https://conda.anaconda.org/conda-forge/osx-64/debugpy-1.4.1-py37hd8d24ac_0.tar.bz2#3b06b715642da8dab6835673d77aa285
https://conda.anaconda.org/conda-forge/noarch/docrep-0.2.7-py_0.tar.bz2#7a8411a58c16dffe32424251e62e3149
https://conda.anaconda.org/conda-forge/osx-64/docutils-0.16-py37hf985489_3.tar.bz2#dca030e3fb4289970f4722741bfe009b
https://conda.anaconda.org/conda-forge/noarch/fasteners-0.16-pyhd8ed1ab_0.tar.bz2#8ecec38560a2613704aa01882a8a48c5
https://conda.anaconda.org/conda-forge/osx-64/future-0.18.2-py37hf985489_3.tar.bz2#5137794442657f0dbafb035a31627fc6
https://conda.anaconda.org/conda-forge/noarch/gitdb-4.0.7-pyhd8ed1ab_0.tar.bz2#12977b4cc317a6ee2939aedcb09a4898
https://conda.anaconda.org/conda-forge/osx-64/importlib-metadata-4.8.1-py37hf985489_0.tar.bz2#83f17c96e9857165aefa65f246176bab
https://conda.anaconda.org/conda-forge/osx-64/jedi-0.18.0-py37hf985489_2.tar.bz2#8cf41e3992c9d1ae8549dfaf03d4bc14
https://conda.anaconda.org/conda-forge/osx-64/jupyter_core-4.8.1-py37hf985489_0.tar.bz2#f62c0f526f27f430fd89614438a76be2
https://conda.anaconda.org/conda-forge/osx-64/kiwisolver-1.3.2-py37h737db71_0.tar.bz2#6f9b5633d87d1b1fa7548558b0d4819a
https://conda.anaconda.org/conda-forge/noarch/latexcodec-2.0.1-pyh9f0ad1d_0.tar.bz2#8d67904973263afd2985ba56aa2d6bb4
https://conda.anaconda.org/conda-forge/osx-64/libcblas-3.9.0-11_osx64_openblas.tar.bz2#c0378dd75e109b7a0b622e8d2a151dea
https://conda.anaconda.org/conda-forge/osx-64/liblapack-3.9.0-11_osx64_openblas.tar.bz2#6b296c0d990d973f20abb79078de9812
https://conda.anaconda.org/conda-forge/osx-64/libnetcdf-4.8.1-mpi_mpich_hf13189e_1.tar.bz2#5ee4e693f67a632a6323896bc9c23b38
https://conda.anaconda.org/conda-forge/noarch/linkify-it-py-1.0.1-pyhd8ed1ab_0.tar.bz2#ba62f26244ee9275094ed243228c6318
https://conda.anaconda.org/conda-forge/osx-64/llvmlite-0.36.0-py37h62ea057_0.tar.bz2#29b97546521cad2c06c0a4b44f4f3917
https://conda.anaconda.org/conda-forge/osx-64/lxml-4.6.3-py37h250624f_0.tar.bz2#02183c97499e7414f3feee2384d99fb3
https://conda.anaconda.org/conda-forge/osx-64/markupsafe-2.0.1-py37h271585c_0.tar.bz2#e3488847e5c3bba390401e73a820a0d6
https://conda.anaconda.org/conda-forge/noarch/matplotlib-inline-0.1.3-pyhd8ed1ab_0.tar.bz2#be3bfd435802d2c768c6b2439f325f3d
https://conda.anaconda.org/conda-forge/osx-64/mistune-0.8.4-py37h271585c_1004.tar.bz2#5d4658291ea2b8afb0382857cd60c409
https://conda.anaconda.org/conda-forge/osx-64/mpi4py-3.1.1-py37h45bc384_0.tar.bz2#ca19cad287968a103b1b8cf2eeb5f56d
https://conda.anaconda.org/conda-forge/osx-64/msgpack-python-1.0.2-py37h737db71_1.tar.bz2#b7da8e9304a7cec19336ecd7a5101cdc
https://conda.anaconda.org/conda-forge/osx-64/multidict-5.1.0-py37h271585c_1.tar.bz2#3e22d5404d66d40e4008da3c1987bf34
https://conda.anaconda.org/conda-forge/osx-64/mypy_extensions-0.4.3-py37hf985489_3.tar.bz2#818d88fe5b710f7ac3a74fa9b1342413
https://conda.anaconda.org/conda-forge/noarch/packaging-21.0-pyhd8ed1ab_0.tar.bz2#45cfb8e482b5cce8f07c87e0e19a592c
https://conda.anaconda.org/conda-forge/noarch/partd-1.2.0-pyhd8ed1ab_0.tar.bz2#0c32f563d7f22e3a34c95cad8cc95651
https://conda.anaconda.org/conda-forge/noarch/pexpect-4.8.0-pyh9f0ad1d_2.tar.bz2#5909e7b978141dd80d28dbf9de627827
https://conda.anaconda.org/conda-forge/osx-64/pillow-8.3.2-py37h76dc067_0.tar.bz2#0701e6ad0bc469dec133a6be7ee26780
https://conda.anaconda.org/conda-forge/osx-64/psutil-5.8.0-py37h271585c_1.tar.bz2#35d263c1450238f58a6f25a779762cf8
https://conda.anaconda.org/conda-forge/noarch/pyct-core-0.4.6-py_0.tar.bz2#55ec526f95e0959de3f68bc6289a20da
https://conda.anaconda.org/conda-forge/osx-64/pyrsistent-0.17.3-py37h271585c_2.tar.bz2#517d0f4408cdbfff73b684acd8f383ec
https://conda.anaconda.org/conda-forge/osx-64/pysocks-1.7.1-py37hf985489_3.tar.bz2#02bf224638f91b6b695fec5de6bbd860
https://conda.anaconda.org/conda-forge/noarch/python-dateutil-2.8.2-pyhd8ed1ab_0.tar.bz2#dd999d1cc9f79e67dbb855c8924c7984
https://conda.anaconda.org/conda-forge/noarch/pyviz_comms-2.1.0-pyhd8ed1ab_0.tar.bz2#9b3f9639f96de0242e0d96f7862c1bc8
https://conda.anaconda.org/conda-forge/osx-64/pyyaml-5.4.1-py37h271585c_1.tar.bz2#1c6010ae5d10ce79382abed496553ae2
https://conda.anaconda.org/conda-forge/osx-64/pyzmq-22.3.0-py37h8f778e5_0.tar.bz2#2219fd78af1c39a97b39609e18fcd102
https://conda.anaconda.org/conda-forge/osx-64/regex-2021.8.28-py37h271585c_0.tar.bz2#5afdf326217ea7195e73ac827ae45383
https://conda.anaconda.org/conda-forge/osx-64/setuptools-58.0.4-py37hf985489_0.tar.bz2#a791f79f1550ea221852a3e5ef70adbb
https://conda.anaconda.org/conda-forge/osx-64/sniffio-1.2.0-py37hf985489_1.tar.bz2#d2624002903acd9b87e73b436b18c7fe
https://conda.anaconda.org/conda-forge/osx-64/sqlalchemy-1.3.23-py37h7585375_0.tar.bz2#0064112e193874f87c6156ebf7c735ed
https://conda.anaconda.org/conda-forge/osx-64/tornado-6.1-py37h271585c_1.tar.bz2#f4f12c1487879c702e2dcf02de36aaac
https://conda.anaconda.org/conda-forge/noarch/tqdm-4.62.2-pyhd8ed1ab_0.tar.bz2#129972a3ca8bb5abcf80f24ad2c12dae
https://conda.anaconda.org/conda-forge/osx-64/typed-ast-1.4.3-py37h271585c_0.tar.bz2#cbe9d0ad3c624c57ae84f674c932af46
https://conda.anaconda.org/conda-forge/noarch/typing-extensions-3.10.0.0-hd8ed1ab_0.tar.bz2#b71b8a980a36234ebbbd6b43da5807d0
https://conda.anaconda.org/conda-forge/osx-64/websocket-client-0.57.0-py37hf985489_4.tar.bz2#b8d9e2ad187b18d0abd25441db9f4ac9
https://conda.anaconda.org/conda-forge/noarch/zict-2.0.0-py_0.tar.bz2#4750152be22f24d695b3004c5e1712d3
https://conda.anaconda.org/conda-forge/osx-64/anyio-3.3.0-py37hf985489_0.tar.bz2#f2291d9fe7a5896811ea340fdf2096be
https://conda.anaconda.org/conda-forge/osx-64/argon2-cffi-20.1.0-py37h271585c_2.tar.bz2#94c660be4d18f5038af33d65f6e4b13b
https://conda.anaconda.org/conda-forge/noarch/backports.functools_lru_cache-1.6.4-pyhd8ed1ab_0.tar.bz2#c5b3edc62d6309088f4970b3eaaa65a6
https://conda.anaconda.org/conda-forge/noarch/black-21.9b0-pyhd8ed1ab_0.tar.bz2#325da7973c2adbdc5f7866b79f62ddcf
https://conda.anaconda.org/conda-forge/noarch/bleach-4.1.0-pyhd8ed1ab_0.tar.bz2#4a2104c7b22c222bd0fe03aaef12862c
https://conda.anaconda.org/conda-forge/osx-64/brotlipy-0.7.0-py37h271585c_1001.tar.bz2#5c1d243f053931c9be18a1ca0aec419e
https://conda.anaconda.org/conda-forge/osx-64/cryptography-3.4.7-py37hce4a858_0.tar.bz2#3d8dba99e6bba580b947da6daf8b1d94
https://conda.anaconda.org/conda-forge/noarch/dask-core-2021.9.0-pyhd8ed1ab_0.tar.bz2#19ebaae81d3c3767653f3634fb77ec57
https://conda.anaconda.org/conda-forge/noarch/gitpython-3.1.23-pyhd8ed1ab_1.tar.bz2#96b1ec03ac2840d762630258805b51dd
https://conda.anaconda.org/conda-forge/noarch/importlib_metadata-4.8.1-hd8ed1ab_0.tar.bz2#ce811c521c3a02d7c8ace1cfbd2a0bcd
https://conda.anaconda.org/conda-forge/noarch/jinja2-3.0.1-pyhd8ed1ab_0.tar.bz2#c647e77921fd3e245cdcc5b2d451a0f8
https://conda.anaconda.org/conda-forge/noarch/jsonschema-3.2.0-pyhd8ed1ab_3.tar.bz2#66125e28711d8ffc04a207a2b170316d
https://conda.anaconda.org/conda-forge/noarch/jupyter_client-6.1.12-pyhd8ed1ab_0.tar.bz2#f58b38ddb9f94fa3cafea4ba2b17f93b
https://conda.anaconda.org/conda-forge/noarch/markdown-3.3.4-pyhd8ed1ab_0.tar.bz2#b8054f74fbed2b282f032219f114421a
https://conda.anaconda.org/conda-forge/osx-64/netcdf-fortran-4.5.3-mpi_mpich_h29158c3_6.tar.bz2#e4bbc8ecfb8debfe98264bc9bda078e0
https://conda.anaconda.org/conda-forge/osx-64/numpy-1.21.2-py37haefe36b_0.tar.bz2#31b2466e3763bf32651f26571e0f966f
https://conda.anaconda.org/conda-forge/noarch/pip-21.2.4-pyhd8ed1ab_0.tar.bz2#4104ada314dd5639ea36cc12bce0a2cd
https://conda.anaconda.org/conda-forge/osx-64/pybtex-0.24.0-py37hf985489_0.tar.bz2#428f2d66aad6bf74cd35947078995ff4
https://conda.anaconda.org/conda-forge/osx-64/pydantic-1.8.2-py37h271585c_0.tar.bz2#bbc6e667daae0da443c927770d2fc5fb
https://conda.anaconda.org/conda-forge/noarch/pygments-2.10.0-pyhd8ed1ab_0.tar.bz2#32bcce837f1316f1c3208118b6c5e5fc
https://conda.anaconda.org/conda-forge/osx-64/pyproj-3.2.0-py37h7b8e8f7_0.tar.bz2#639edf2b037ffe0e6a230bf818edde6b
https://conda.anaconda.org/conda-forge/osx-64/terminado-0.12.1-py37hf985489_0.tar.bz2#264af6286326ce09fdfc633752ff3d3a
https://conda.anaconda.org/conda-forge/osx-64/yarl-1.6.3-py37h271585c_2.tar.bz2#19630e953b5053d0fee6d8abcddf01bd
https://conda.anaconda.org/conda-forge/osx-64/aiohttp-3.7.4.post0-py37h271585c_0.tar.bz2#8681d68a2aa85a5dd6d36324d85bf935
https://conda.anaconda.org/conda-forge/noarch/argcomplete-1.12.3-pyhd8ed1ab_2.tar.bz2#b8152341fc3fc9880c6e1b9d188974e5
https://conda.anaconda.org/conda-forge/osx-64/bokeh-1.4.0-py37hc8dfbb8_1.tar.bz2#76549b065c1e260c89b16eb2faa69d14
https://conda.anaconda.org/conda-forge/osx-64/bottleneck-1.3.2-py37h032687b_4.tar.bz2#82a98b31e7cce5a45fad2f5ca074bb59
https://conda.anaconda.org/conda-forge/osx-64/cftime-1.5.0-py37h238668a_0.tar.bz2#a45f6d03b65a9102279b3941aecb71ef
https://conda.anaconda.org/conda-forge/osx-64/click-completion-0.5.2-py37hf985489_2.tar.bz2#1ca2a45febe0f49e6b96b4baf4ae565c
https://conda.anaconda.org/conda-forge/noarch/colorspacious-1.1.2-pyh24bf2e0_0.tar.bz2#b73afa0d009a51cabd3ec99c4d2ef4f3
https://conda.anaconda.org/conda-forge/osx-64/distributed-2021.9.0-py37hf985489_0.tar.bz2#e84d95b44cedd4d0d121f9ba6cd9f19e
https://conda.anaconda.org/conda-forge/noarch/eofs-1.4.0-py_0.tar.bz2#6e166cd37cfeadefcfca1ffe00f222bb
https://conda.anaconda.org/conda-forge/osx-64/esmf-8.1.1-mpi_mpich_h0092da8_102.tar.bz2#23b6994116372c8a23cfef3a3b8661fa
https://conda.anaconda.org/conda-forge/osx-64/h5py-3.4.0-nompi_py37h0ac0de7_101.tar.bz2#369a207e22552f4743560c18481cd40f
https://conda.anaconda.org/conda-forge/osx-64/importlib_resources-3.3.1-py37hf985489_0.tar.bz2#16d16fbcd58c83890f2b6d702bc78099
https://conda.anaconda.org/conda-forge/osx-64/matplotlib-base-3.4.3-py37h3147e9e_0.tar.bz2#6fd7855b0d52c813c2049b6ae74f95d4
https://conda.anaconda.org/conda-forge/noarch/nbformat-5.1.3-pyhd8ed1ab_0.tar.bz2#bafa5df6d4f8db69a4d197b4657127e7
https://conda.anaconda.org/conda-forge/osx-64/numba-0.53.1-py37h0183300_1.tar.bz2#c980f3f6f01d82143adfa7ada382bf49
https://conda.anaconda.org/conda-forge/osx-64/numcodecs-0.9.1-py37hd8d24ac_0.tar.bz2#367ceaafb8ebdc8aa04b83f76b1ed2f1
https://conda.anaconda.org/conda-forge/osx-64/pandas-1.3.3-py37h5b83a90_0.tar.bz2#d1739669b628ef0234aaf345511f1d03
https://conda.anaconda.org/conda-forge/osx-64/pluggy-1.0.0-py37hf985489_1.tar.bz2#9696c58c970dd9c929c0e7ffcbcf6127
https://conda.anaconda.org/conda-forge/osx-64/pybtex-docutils-1.0.1-py37hf985489_0.tar.bz2#d38dd21aa2ada76b0b16d5e1a1f75908
https://conda.anaconda.org/conda-forge/noarch/pyopenssl-20.0.1-pyhd8ed1ab_0.tar.bz2#92371c25994d0f5d28a01c1fb75ebf86
https://conda.anaconda.org/conda-forge/osx-64/scipy-1.7.1-py37h4e3cf02_0.tar.bz2#ef3c6eb65d77ba046eb726d028e7770c
https://conda.anaconda.org/conda-forge/noarch/seawater-3.3.4-py_1.tar.bz2#a9e101e1601faf5e5a119ab2bd7617a4
https://conda.anaconda.org/conda-forge/osx-64/shapely-1.7.1-py37hf313787_5.tar.bz2#b28af2dd85e5473bdb24b2252f540a18
https://conda.anaconda.org/conda-forge/noarch/wcwidth-0.2.5-pyh9f0ad1d_2.tar.bz2#5266fcd697043c59621fda522b3d78ee
https://conda.anaconda.org/conda-forge/osx-64/cartopy-0.20.0-py37hef91163_0.tar.bz2#10346a68d41c439796dbd5587943de83
https://conda.anaconda.org/conda-forge/osx-64/cf_units-2.0.1-py37h917ab60_1002.tar.bz2#fe60e812a964fe55657fb9b5eeb42520
https://conda.anaconda.org/conda-forge/noarch/cmocean-2.0-py_3.tar.bz2#10f08c3aa77dc4080ebc1c03cb542f70
https://conda.anaconda.org/conda-forge/noarch/dask-2021.9.0-pyhd8ed1ab_0.tar.bz2#40259585e9c679ac8e40b2a2fefda1b1
https://conda.anaconda.org/conda-forge/noarch/dask-jobqueue-0.7.3-pyhd8ed1ab_0.tar.bz2#c9dbcedfa9d14dee7a2a904b9dd3b212
https://conda.anaconda.org/conda-forge/osx-64/dask-mpi-2.21.0-py37h0697620_1.tar.bz2#8f2dcc59711bf402d158a97443cb2e3b
https://conda.anaconda.org/conda-forge/osx-64/esmpy-8.1.1-mpi_mpich_py37hee822e1_100.tar.bz2#144e4238d9e9441cf5790013b552ca91
https://conda.anaconda.org/conda-forge/noarch/h5netcdf-0.11.0-pyhd8ed1ab_0.tar.bz2#a298ca086794894de1393397ed05093d
https://conda.anaconda.org/conda-forge/osx-64/matplotlib-3.4.3-py37hf985489_0.tar.bz2#ad7a524a7320854206b3e4781f5e60e3
https://conda.anaconda.org/conda-forge/noarch/nbclient-0.5.4-pyhd8ed1ab_0.tar.bz2#66ea0ea89e4f657a8b85fa5bdfce60ac
https://conda.anaconda.org/conda-forge/noarch/nbconvert-5.6.1-pyhd8ed1ab_2.tar.bz2#e8841d4eb16fb24e86c0a96bdc1bcb91
https://conda.anaconda.org/conda-forge/noarch/nc-time-axis-1.3.1-pyhd8ed1ab_2.tar.bz2#d37916d7bf9519a3e3abb902a4c06b69
https://conda.anaconda.org/conda-forge/osx-64/netcdf4-1.5.7-nompi_py37h5a78667_102.tar.bz2#6e4114bebf66a38e1ca3aa259653fd88
https://conda.anaconda.org/conda-forge/noarch/patsy-0.5.1-py_0.tar.bz2#d971df2dcd1a453daabecec0ef76e88a
https://conda.anaconda.org/conda-forge/noarch/pint-0.17-pyhd8ed1ab_1.tar.bz2#ea75a28aded8a60ce033b770befc8aff
https://conda.anaconda.org/conda-forge/noarch/prompt-toolkit-3.0.20-pyha770c72_0.tar.bz2#98a90e847b48fc14b2d5b12e4884e8d4
https://conda.anaconda.org/conda-forge/osx-64/pytest-6.2.5-py37hf985489_0.tar.bz2#df178db96967cbe57284d2c53df00170
https://conda.anaconda.org/conda-forge/noarch/seaborn-base-0.11.2-pyhd8ed1ab_0.tar.bz2#fe2303dc8f1febeb82d927ce8ad153ed
https://conda.anaconda.org/conda-forge/noarch/urllib3-1.26.6-pyhd8ed1ab_0.tar.bz2#dea5b6d93cfbfbc2a253168ad05b3f89
https://conda.anaconda.org/conda-forge/noarch/xarray-0.19.0-pyhd8ed1ab_1.tar.bz2#1f8ae14e40a12017f7ed9586e03a6336
https://conda.anaconda.org/conda-forge/noarch/zarr-2.9.5-pyhd8ed1ab_0.tar.bz2#e28523f56dfb7bb1cdfe91685bafffa4
https://conda.anaconda.org/conda-forge/noarch/cf_xarray-0.6.1-pyh6c4a22f_0.tar.bz2#23c6bc6ad54a2783599b1adf323cd85e
https://conda.anaconda.org/conda-forge/osx-64/ipython-7.27.0-py37h4c52d7d_0.tar.bz2#d7b4fd4b81f7d102b53a2461ce39acc9
https://conda.anaconda.org/conda-forge/noarch/ncar-jobqueue-2021.4.14-pyh44b312d_0.tar.bz2#69bd9e90ddaaf3447a5f13c9f084b2b6
https://conda.anaconda.org/conda-forge/noarch/requests-2.26.0-pyhd8ed1ab_0.tar.bz2#0ed2ccbde6db9dd5789068eb7194463f
https://conda.anaconda.org/conda-forge/osx-64/statsmodels-0.12.2-py37h032687b_0.tar.bz2#2ab3188084c4409cd6535b58fcecd5b9
https://conda.anaconda.org/conda-forge/noarch/xgcm-0.5.2-pyhd8ed1ab_0.tar.bz2#2ef117fffccf0ef16833b2cef941dc44
https://conda.anaconda.org/conda-forge/noarch/xhistogram-0.3.0-pyhd8ed1ab_0.tar.bz2#7ebea5c1ba2874e085d05272e4a063a1
https://conda.anaconda.org/conda-forge/noarch/xrft-0.3.2-pyhd8ed1ab_0.tar.bz2#66db8651dbcf672f7f985e5972a417ee
https://conda.anaconda.org/conda-forge/noarch/ensureconda-1.4.1-pyhd8ed1ab_0.tar.bz2#52a7f7cc9076e2c8a25e15e19ad42821
https://conda.anaconda.org/conda-forge/noarch/intake-0.6.3-pyhd8ed1ab_0.tar.bz2#d50870a713485e89e47f9cdc77aa2186
https://conda.anaconda.org/conda-forge/osx-64/ipykernel-6.4.0-py37h4c52d7d_0.tar.bz2#9e5d035c2c9afa679e477aaa5e0fd33d
https://conda.anaconda.org/conda-forge/noarch/pooch-1.5.1-pyhd8ed1ab_0.tar.bz2#75ed39bc4a6554e53e8e82702c7762be
https://conda.anaconda.org/conda-forge/noarch/pyct-0.4.6-py_0.tar.bz2#42d91c89bc3993ec88681cffd3c0e326
https://conda.anaconda.org/conda-forge/noarch/requests-unixsocket-0.2.0-py_0.tar.bz2#1e94a233d2f2c81b2bf11bd43a515fbe
https://conda.anaconda.org/conda-forge/noarch/seaborn-0.11.2-hd8ed1ab_0.tar.bz2#e56b6a19f4b717eca7c68ad78196b075
https://conda.anaconda.org/conda-forge/noarch/sphinx-3.5.4-pyh44b312d_0.tar.bz2#0ebc444f001f73c4f6de01057b0be392
https://conda.anaconda.org/conda-forge/noarch/watermark-2.2.0-pyhd8ed1ab_0.tar.bz2#c93926fd4f95bd26153f28cdf8b8f78b
https://conda.anaconda.org/conda-forge/noarch/xesmf-0.6.0-pyhd8ed1ab_0.tar.bz2#3259ba3627f0678a1c64da3f0ab115f7
https://conda.anaconda.org/conda-forge/noarch/colorcet-2.0.6-pyhd8ed1ab_0.tar.bz2#bdf0d14cb996a18a3df88ddac83e11f9
https://conda.anaconda.org/conda-forge/noarch/conda-lock-0.12.0-pyhd8ed1ab_0.tar.bz2#faa350e2f57d516d0c756fb2aa796f40
https://conda.anaconda.org/conda-forge/noarch/intake-esm-2021.8.17-pyhd8ed1ab_0.tar.bz2#fee875d1653a0dae25c0e37006739935
https://conda.anaconda.org/conda-forge/noarch/intake-xarray-0.5.0-pyhd8ed1ab_0.tar.bz2#43d9d1c90da0b2b28cc16e58a52a0f2b
https://conda.anaconda.org/conda-forge/noarch/jupyter_server-1.11.0-pyhd8ed1ab_0.tar.bz2#505a8634507f446682658bf5cd13b394
https://conda.anaconda.org/conda-forge/noarch/metpy-1.1.0-pyhd8ed1ab_0.tar.bz2#95db8380271dbbaad231e0473755222b
https://conda.anaconda.org/conda-forge/noarch/notebook-6.4.4-pyha770c72_0.tar.bz2#484286bab56ed27acc3ca9e675e3a18c
https://conda.anaconda.org/conda-forge/noarch/panel-0.8.1-pyh9f0ad1d_1.tar.bz2#19b4bb4a15cfb1934ba06f3de5d3df48
https://conda.anaconda.org/conda-forge/noarch/pop-tools-2021.5.28-pyhd8ed1ab_0.tar.bz2#a6abe9fd94707142081e479d97964dfb
https://conda.anaconda.org/conda-forge/noarch/pydata-sphinx-theme-0.6.3-pyhd8ed1ab_0.tar.bz2#a84900edc6e963d1cb448488bc06086b
https://conda.anaconda.org/conda-forge/noarch/sphinx-comments-0.0.3-pyh9f0ad1d_0.tar.bz2#2ae3ce35de0c1cec45c94182694f8d1b
https://conda.anaconda.org/conda-forge/noarch/sphinx-copybutton-0.4.0-pyhd8ed1ab_0.tar.bz2#80fd2cc25ad45911b4e42d5b91593e2f
https://conda.anaconda.org/conda-forge/noarch/sphinx-external-toc-0.2.3-pyhd8ed1ab_0.tar.bz2#fedb53110ade7945dee60e18ab834111
https://conda.anaconda.org/conda-forge/noarch/sphinx-multitoc-numbering-0.1.3-pyhd8ed1ab_0.tar.bz2#40749a4d0f0d2e11c65fb26c1cd16a90
https://conda.anaconda.org/conda-forge/noarch/sphinx-panels-0.5.2-pyhd3deb0d_0.tar.bz2#1a871a63c4be1bd47a7aa48b7417a426
https://conda.anaconda.org/conda-forge/noarch/sphinx-thebe-0.0.10-pyhd8ed1ab_0.tar.bz2#3d5c572501989c0519ed907fa558ae74
https://conda.anaconda.org/conda-forge/noarch/sphinx-togglebutton-0.2.3-pyhd3deb0d_0.tar.bz2#3eb34ca58b3cb8df3c92371e79af9e12
https://conda.anaconda.org/conda-forge/noarch/sphinxcontrib-bibtex-2.2.1-pyhd8ed1ab_0.tar.bz2#927ecdc7ffaab15e45d908336ccc504c
https://conda.anaconda.org/conda-forge/noarch/holoviews-1.14.6-pyhd8ed1ab_0.tar.bz2#c8a2406d841bf6565ddec6e9bfefec45
https://conda.anaconda.org/conda-forge/noarch/jupyter-server-mathjax-0.2.3-pyhd8ed1ab_0.tar.bz2#2d0951b616bb3a172032ade395706f45
https://conda.anaconda.org/conda-forge/noarch/jupyter-server-proxy-3.1.0-pyhd8ed1ab_0.tar.bz2#da801ab0faf777702ccd9fb0980f4d1f
https://conda.anaconda.org/conda-forge/noarch/jupyter_contrib_core-0.3.3-py_2.tar.bz2#4704781b0a914d67e4ae8e9f9f5c37a0
https://conda.anaconda.org/conda-forge/noarch/jupyterlab_server-2.8.1-pyhd8ed1ab_0.tar.bz2#e822c83c395571e04e04dc325f80445c
https://conda.anaconda.org/conda-forge/noarch/nbclassic-0.3.2-pyhd8ed1ab_0.tar.bz2#289b4ac8e8ce489d747ef9e4d5e1d4d2
https://conda.anaconda.org/conda-forge/noarch/sphinx-book-theme-0.1.3-pyhd8ed1ab_0.tar.bz2#3069cf524d0f5623b5f5a083c50a16fc
https://conda.anaconda.org/conda-forge/osx-64/widgetsnbextension-3.5.1-py37hf985489_4.tar.bz2#6d710b69d390deed8dbf74c8b60e3f09
https://conda.anaconda.org/conda-forge/noarch/ipywidgets-7.6.5-pyhd8ed1ab_0.tar.bz2#6f2ee1ec157104df141e2e5afeba98d4
https://conda.anaconda.org/conda-forge/osx-64/jupyter_highlight_selected_word-0.2.0-py37hf985489_1002.tar.bz2#f123329f47b2b75498e8a8d2724b83b2
https://conda.anaconda.org/conda-forge/noarch/jupyter_latex_envs-1.4.6-pyhd8ed1ab_1002.tar.bz2#4b888fd7d6b4cdb6736878b2cf8ea951
https://conda.anaconda.org/conda-forge/osx-64/jupyter_nbextensions_configurator-0.4.1-py37hf985489_2.tar.bz2#925ebe34b2e8b4255a915c8092cc0254
https://conda.anaconda.org/conda-forge/noarch/jupyterlab-3.1.12-pyhd8ed1ab_0.tar.bz2#b7f447074320ced33e1790a18f3fb566
https://conda.anaconda.org/conda-forge/noarch/nbdime-3.1.0-pyhd8ed1ab_0.tar.bz2#01a2197677952bf94a26f8995f8703fe
https://conda.anaconda.org/conda-forge/noarch/jupyter-cache-0.4.3-pyhd8ed1ab_0.tar.bz2#03cd9218c96d513854bfc8714eaf9451
https://conda.anaconda.org/conda-forge/noarch/jupyter-sphinx-0.3.2-py_0.tar.bz2#9ae5148b076ddba22552ddb57a4c22ee
https://conda.anaconda.org/conda-forge/noarch/jupyter_contrib_nbextensions-0.5.1-pyhd8ed1ab_2.tar.bz2#ee3820cb73867efb8c928b93e55f4de3
https://conda.anaconda.org/conda-forge/noarch/jupytext-1.10.3-pyh44b312d_0.tar.bz2#a4e5e73ca8096bdf426ba27a75712054
https://conda.anaconda.org/conda-forge/noarch/markdown-it-py-0.6.2-pyhd8ed1ab_0.tar.bz2#61d712a472b02ccd3ba3f45383d373a3
https://conda.anaconda.org/conda-forge/noarch/mdit-py-plugins-0.2.6-pyhd8ed1ab_0.tar.bz2#e9647b3958ae8a26958aeff582c2e78e
https://conda.anaconda.org/conda-forge/noarch/myst-parser-0.13.7-pyhd8ed1ab_0.tar.bz2#1ff522344de6c3e47fe9d919c98056ba
https://conda.anaconda.org/conda-forge/noarch/myst-nb-0.12.3-pyhd8ed1ab_0.tar.bz2#ebf571800ca804f56962fe00ddb5c73d
https://conda.anaconda.org/conda-forge/noarch/sphinx-jupyterbook-latex-0.4.2-pyhd8ed1ab_1.tar.bz2#9666501849d630b8e63eee54e9569c8d
https://conda.anaconda.org/conda-forge/noarch/jupyter-book-0.11.3-pyhd8ed1ab_0.tar.bz2#12289015af6f93e8825ba8411a6ac324
